
Microsoft Visual Studio Solution File, Format Version 12.00
# Visual Studio 15
VisualStudioVersion = 15.0.28010.2016
MinimumVisualStudioVersion = 10.0.40219.1
Project("{9A19103F-16F7-4668-BE54-9A1E7A4F7556}") = "SchoolExperienceUi", "src\SchoolExperienceUi\SchoolExperienceUi.csproj", "{4820DC82-8A8C-4B9A-BC62-CCF875CB59A8}"
EndProject
Project("{2150E333-8FDC-42A3-9474-1A3956D46DE8}") = "Src", "Src", "{5D3E3501-4ADF-4BA6-AFFB-A41B59C67977}"
EndProject
Project("{2150E333-8FDC-42A3-9474-1A3956D46DE8}") = "Tests", "Tests", "{DE56551E-98D8-4775-9982-298F5DD50D31}"
EndProject
Project("{9A19103F-16F7-4668-BE54-9A1E7A4F7556}") = "SchoolExperienceApi", "src\SchoolExperienceApi\SchoolExperienceApi.csproj", "{668A14D7-312F-40AB-BCE0-D656E311128C}"
EndProject
Project("{9A19103F-16F7-4668-BE54-9A1E7A4F7556}") = "SchoolExperienceBaseTypes", "src\SchoolExperienceBaseTypes\SchoolExperienceBaseTypes.csproj", "{D033BACB-9F07-4FEE-AAE7-0C3327BDBBE9}"
EndProject
Project("{9A19103F-16F7-4668-BE54-9A1E7A4F7556}") = "SchoolExperienceBaseTypesTests", "tests\SchoolExperienceBaseTypesTests\SchoolExperienceBaseTypesTests.csproj", "{5E0BE95F-290C-4C23-99B9-F8A6D2E77D9A}"
EndProject
Project("{9A19103F-16F7-4668-BE54-9A1E7A4F7556}") = "SchoolExperienceApiTests", "tests\SchoolExperienceApiTests\SchoolExperienceApiTests.csproj", "{0DF3AE9F-A656-4965-B4E6-C67B20CE9C5E}"
EndProject
Project("{9A19103F-16F7-4668-BE54-9A1E7A4F7556}") = "SchoolExperienceUiTests", "tests\SchoolExperienceUiTests\SchoolExperienceUiTests.csproj", "{8EDF4429-251A-416D-BB68-93F227191BCF}"
EndProject
Project("{9A19103F-16F7-4668-BE54-9A1E7A4F7556}") = "SchoolExperienceTestHelpers", "tests\SchoolExperienceTestHelpers\SchoolExperienceTestHelpers.csproj", "{6822DF3D-51A0-40E5-ACD4-70CCCA0CBC6D}"
EndProject
Project("{9A19103F-16F7-4668-BE54-9A1E7A4F7556}") = "SchoolExperienceApiDto", "src\SchoolExperienceApiDto\SchoolExperienceApiDto.csproj", "{4FAAAC83-6140-4FC6-A3A5-EBE2A51F4D56}"
EndProject
Project("{9A19103F-16F7-4668-BE54-9A1E7A4F7556}") = "SchoolExperienceServices", "src\SchoolExperienceServices\SchoolExperienceServices.csproj", "{56855DB6-C843-4813-9DDD-ED662E9A4D15}"
EndProject
Project("{9A19103F-16F7-4668-BE54-9A1E7A4F7556}") = "SchoolExperienceData", "src\SchoolExperienceData\SchoolExperienceData.csproj", "{E8B8786F-B558-4F2A-9826-B4E03F3322D1}"
EndProject
Project("{9A19103F-16F7-4668-BE54-9A1E7A4F7556}") = "SchoolExperienceNotificationProcessor", "src\SchoolExperienceNotificationProcessor\SchoolExperienceNotificationProcessor.csproj", "{19E001AC-BFED-4A85-937F-F0E16A5EA787}"
EndProject
Project("{9A19103F-16F7-4668-BE54-9A1E7A4F7556}") = "SchoolExperienceEvents", "src\SchoolExperienceEvents\SchoolExperienceEvents.csproj", "{93360AB0-D849-43FC-B3FE-B0B7B90BB44C}"
EndProject
Project("{9A19103F-16F7-4668-BE54-9A1E7A4F7556}") = "SchoolExperienceSchoolUi", "src\SchoolExperienceSchoolUi\SchoolExperienceSchoolUi.csproj", "{5EA75C11-4DEB-4F60-A6E3-4FA0CE75D016}"
EndProject
Project("{9A19103F-16F7-4668-BE54-9A1E7A4F7556}") = "SchoolExperienceUiShared", "src\SchoolExperienceUiShared\SchoolExperienceUiShared.csproj", "{A2BBDA16-3E52-476E-BDE1-9BEBE4926F10}"
EndProject
Project("{2150E333-8FDC-42A3-9474-1A3956D46DE8}") = "SolutionItems", "SolutionItems", "{544F6DF7-BD5E-4E8B-B9F0-5922F00DA2FD}"
	ProjectSection(SolutionItems) = preProject
		nuget.config = nuget.config
	EndProjectSection
EndProject
Project("{9A19103F-16F7-4668-BE54-9A1E7A4F7556}") = "SchoolExperienceHelpers", "src\SchoolExperienceHelpers\SchoolExperienceHelpers.csproj", "{A9B7BE6F-86A5-4924-B5DC-47048C981A25}"
EndProject
Project("{9A19103F-16F7-4668-BE54-9A1E7A4F7556}") = "SchoolExperienceHelpersTests", "tests\SchoolExperienceHelpersTests\SchoolExperienceHelpersTests.csproj", "{D8204292-00B7-45C3-8A24-C25932241C0A}"
EndProject
Project("{9A19103F-16F7-4668-BE54-9A1E7A4F7556}") = "SchoolExperienceAdminUi", "src\SchoolExperienceAdminUi\SchoolExperienceAdminUi.csproj", "{F8A6A2EB-8480-45EB-BD03-3D9F0FFD9FBB}"
EndProject
Project("{2150E333-8FDC-42A3-9474-1A3956D46DE8}") = "Portals", "Portals", "{B279AECC-D430-412D-AE74-77089977D692}"
EndProject
Project("{2150E333-8FDC-42A3-9474-1A3956D46DE8}") = "Processors", "Processors", "{8CFCA6D5-DFDC-42FF-93E5-07B7A97D3FBD}"
EndProject
Project("{2150E333-8FDC-42A3-9474-1A3956D46DE8}") = "Api", "Api", "{C04CC2AF-C455-4751-BED5-214CB98BDC27}"
EndProject
Project("{9A19103F-16F7-4668-BE54-9A1E7A4F7556}") = "SchoolExperienceStatisticsProcessor", "src\SchoolExperienceStatisticsProcessor\SchoolExperienceStatisticsProcessor.csproj", "{694AC6B0-A474-436F-8AD6-EEF2623C4897}"
EndProject
Project("{2150E333-8FDC-42A3-9474-1A3956D46DE8}") = "Shared", "Shared", "{130B7447-AD13-4B3F-AF70-4210218FDE4B}"
EndProject
Project("{9A19103F-16F7-4668-BE54-9A1E7A4F7556}") = "SchoolExperienceProcessorShared", "src\SchoolExperienceProcessorShared\SchoolExperienceProcessorShared.csproj", "{136D8DA0-0B1D-4B14-A0E7-1FFF3A903EB5}"
EndProject
Project("{9A19103F-16F7-4668-BE54-9A1E7A4F7556}") = "SchoolExperienceServicesTests", "tests\SchoolExperienceServicesTests\SchoolExperienceServicesTests.csproj", "{1CCB99DF-54D6-4C1C-A73A-F9296EABB755}"
EndProject
Project("{2150E333-8FDC-42A3-9474-1A3956D46DE8}") = "Data", "Data", "{CE336A60-4806-4210-BB42-D7DD8A2FE30F}"
EndProject
Project("{9A19103F-16F7-4668-BE54-9A1E7A4F7556}") = "SchoolExperienceStatisticsData", "src\SchoolExperienceStatisticsData\SchoolExperienceStatisticsData.csproj", "{0C9F298C-0A44-40CC-BD8B-43C3F2C6B156}"
EndProject
Project("{9A19103F-16F7-4668-BE54-9A1E7A4F7556}") = "SchoolExperienceCandidateDataServices", "src\SchoolExperienceCandidateDataServices\SchoolExperienceCandidateDataServices.csproj", "{CFFE43CD-3187-4D24-A005-BE0DDF03D247}"
EndProject
Project("{FAE04EC0-301F-11D3-BF4B-00C04F79EFBC}") = "SchoolExperienceCandidateDataServicesTests", "tests\SchoolExperienceCandidateDataServicesTests\SchoolExperienceCandidateDataServicesTests.csproj", "{504E7B9C-6FF2-4DAB-B8FE-A6E230A3490C}"
EndProject
Global
	GlobalSection(SolutionConfigurationPlatforms) = preSolution
		Debug|Any CPU = Debug|Any CPU
		Release|Any CPU = Release|Any CPU
	EndGlobalSection
	GlobalSection(ProjectConfigurationPlatforms) = postSolution
		{4820DC82-8A8C-4B9A-BC62-CCF875CB59A8}.Debug|Any CPU.ActiveCfg = Debug|Any CPU
		{4820DC82-8A8C-4B9A-BC62-CCF875CB59A8}.Debug|Any CPU.Build.0 = Debug|Any CPU
		{4820DC82-8A8C-4B9A-BC62-CCF875CB59A8}.Release|Any CPU.ActiveCfg = Release|Any CPU
		{4820DC82-8A8C-4B9A-BC62-CCF875CB59A8}.Release|Any CPU.Build.0 = Release|Any CPU
		{668A14D7-312F-40AB-BCE0-D656E311128C}.Debug|Any CPU.ActiveCfg = Debug|Any CPU
		{668A14D7-312F-40AB-BCE0-D656E311128C}.Debug|Any CPU.Build.0 = Debug|Any CPU
		{668A14D7-312F-40AB-BCE0-D656E311128C}.Release|Any CPU.ActiveCfg = Release|Any CPU
		{668A14D7-312F-40AB-BCE0-D656E311128C}.Release|Any CPU.Build.0 = Release|Any CPU
		{D033BACB-9F07-4FEE-AAE7-0C3327BDBBE9}.Debug|Any CPU.ActiveCfg = Debug|Any CPU
		{D033BACB-9F07-4FEE-AAE7-0C3327BDBBE9}.Debug|Any CPU.Build.0 = Debug|Any CPU
		{D033BACB-9F07-4FEE-AAE7-0C3327BDBBE9}.Release|Any CPU.ActiveCfg = Release|Any CPU
		{D033BACB-9F07-4FEE-AAE7-0C3327BDBBE9}.Release|Any CPU.Build.0 = Release|Any CPU
		{5E0BE95F-290C-4C23-99B9-F8A6D2E77D9A}.Debug|Any CPU.ActiveCfg = Debug|Any CPU
		{5E0BE95F-290C-4C23-99B9-F8A6D2E77D9A}.Debug|Any CPU.Build.0 = Debug|Any CPU
		{5E0BE95F-290C-4C23-99B9-F8A6D2E77D9A}.Release|Any CPU.ActiveCfg = Release|Any CPU
		{5E0BE95F-290C-4C23-99B9-F8A6D2E77D9A}.Release|Any CPU.Build.0 = Release|Any CPU
		{0DF3AE9F-A656-4965-B4E6-C67B20CE9C5E}.Debug|Any CPU.ActiveCfg = Debug|Any CPU
		{0DF3AE9F-A656-4965-B4E6-C67B20CE9C5E}.Debug|Any CPU.Build.0 = Debug|Any CPU
		{0DF3AE9F-A656-4965-B4E6-C67B20CE9C5E}.Release|Any CPU.ActiveCfg = Release|Any CPU
		{0DF3AE9F-A656-4965-B4E6-C67B20CE9C5E}.Release|Any CPU.Build.0 = Release|Any CPU
		{8EDF4429-251A-416D-BB68-93F227191BCF}.Debug|Any CPU.ActiveCfg = Debug|Any CPU
		{8EDF4429-251A-416D-BB68-93F227191BCF}.Debug|Any CPU.Build.0 = Debug|Any CPU
		{8EDF4429-251A-416D-BB68-93F227191BCF}.Release|Any CPU.ActiveCfg = Release|Any CPU
		{8EDF4429-251A-416D-BB68-93F227191BCF}.Release|Any CPU.Build.0 = Release|Any CPU
		{6822DF3D-51A0-40E5-ACD4-70CCCA0CBC6D}.Debug|Any CPU.ActiveCfg = Debug|Any CPU
		{6822DF3D-51A0-40E5-ACD4-70CCCA0CBC6D}.Debug|Any CPU.Build.0 = Debug|Any CPU
		{6822DF3D-51A0-40E5-ACD4-70CCCA0CBC6D}.Release|Any CPU.ActiveCfg = Release|Any CPU
		{6822DF3D-51A0-40E5-ACD4-70CCCA0CBC6D}.Release|Any CPU.Build.0 = Release|Any CPU
		{4FAAAC83-6140-4FC6-A3A5-EBE2A51F4D56}.Debug|Any CPU.ActiveCfg = Debug|Any CPU
		{4FAAAC83-6140-4FC6-A3A5-EBE2A51F4D56}.Debug|Any CPU.Build.0 = Debug|Any CPU
		{4FAAAC83-6140-4FC6-A3A5-EBE2A51F4D56}.Release|Any CPU.ActiveCfg = Release|Any CPU
		{4FAAAC83-6140-4FC6-A3A5-EBE2A51F4D56}.Release|Any CPU.Build.0 = Release|Any CPU
		{56855DB6-C843-4813-9DDD-ED662E9A4D15}.Debug|Any CPU.ActiveCfg = Debug|Any CPU
		{56855DB6-C843-4813-9DDD-ED662E9A4D15}.Debug|Any CPU.Build.0 = Debug|Any CPU
		{56855DB6-C843-4813-9DDD-ED662E9A4D15}.Release|Any CPU.ActiveCfg = Release|Any CPU
		{56855DB6-C843-4813-9DDD-ED662E9A4D15}.Release|Any CPU.Build.0 = Release|Any CPU
		{E8B8786F-B558-4F2A-9826-B4E03F3322D1}.Debug|Any CPU.ActiveCfg = Debug|Any CPU
		{E8B8786F-B558-4F2A-9826-B4E03F3322D1}.Debug|Any CPU.Build.0 = Debug|Any CPU
		{E8B8786F-B558-4F2A-9826-B4E03F3322D1}.Release|Any CPU.ActiveCfg = Release|Any CPU
		{E8B8786F-B558-4F2A-9826-B4E03F3322D1}.Release|Any CPU.Build.0 = Release|Any CPU
		{19E001AC-BFED-4A85-937F-F0E16A5EA787}.Debug|Any CPU.ActiveCfg = Debug|Any CPU
		{19E001AC-BFED-4A85-937F-F0E16A5EA787}.Debug|Any CPU.Build.0 = Debug|Any CPU
		{19E001AC-BFED-4A85-937F-F0E16A5EA787}.Release|Any CPU.ActiveCfg = Release|Any CPU
		{19E001AC-BFED-4A85-937F-F0E16A5EA787}.Release|Any CPU.Build.0 = Release|Any CPU
		{93360AB0-D849-43FC-B3FE-B0B7B90BB44C}.Debug|Any CPU.ActiveCfg = Debug|Any CPU
		{93360AB0-D849-43FC-B3FE-B0B7B90BB44C}.Debug|Any CPU.Build.0 = Debug|Any CPU
		{93360AB0-D849-43FC-B3FE-B0B7B90BB44C}.Release|Any CPU.ActiveCfg = Release|Any CPU
		{93360AB0-D849-43FC-B3FE-B0B7B90BB44C}.Release|Any CPU.Build.0 = Release|Any CPU
		{5EA75C11-4DEB-4F60-A6E3-4FA0CE75D016}.Debug|Any CPU.ActiveCfg = Debug|Any CPU
		{5EA75C11-4DEB-4F60-A6E3-4FA0CE75D016}.Debug|Any CPU.Build.0 = Debug|Any CPU
		{5EA75C11-4DEB-4F60-A6E3-4FA0CE75D016}.Release|Any CPU.ActiveCfg = Release|Any CPU
		{5EA75C11-4DEB-4F60-A6E3-4FA0CE75D016}.Release|Any CPU.Build.0 = Release|Any CPU
		{A2BBDA16-3E52-476E-BDE1-9BEBE4926F10}.Debug|Any CPU.ActiveCfg = Debug|Any CPU
		{A2BBDA16-3E52-476E-BDE1-9BEBE4926F10}.Debug|Any CPU.Build.0 = Debug|Any CPU
		{A2BBDA16-3E52-476E-BDE1-9BEBE4926F10}.Release|Any CPU.ActiveCfg = Release|Any CPU
		{A2BBDA16-3E52-476E-BDE1-9BEBE4926F10}.Release|Any CPU.Build.0 = Release|Any CPU
		{A9B7BE6F-86A5-4924-B5DC-47048C981A25}.Debug|Any CPU.ActiveCfg = Debug|Any CPU
		{A9B7BE6F-86A5-4924-B5DC-47048C981A25}.Debug|Any CPU.Build.0 = Debug|Any CPU
		{A9B7BE6F-86A5-4924-B5DC-47048C981A25}.Release|Any CPU.ActiveCfg = Release|Any CPU
		{A9B7BE6F-86A5-4924-B5DC-47048C981A25}.Release|Any CPU.Build.0 = Release|Any CPU
		{D8204292-00B7-45C3-8A24-C25932241C0A}.Debug|Any CPU.ActiveCfg = Debug|Any CPU
		{D8204292-00B7-45C3-8A24-C25932241C0A}.Debug|Any CPU.Build.0 = Debug|Any CPU
		{D8204292-00B7-45C3-8A24-C25932241C0A}.Release|Any CPU.ActiveCfg = Release|Any CPU
		{D8204292-00B7-45C3-8A24-C25932241C0A}.Release|Any CPU.Build.0 = Release|Any CPU
		{F8A6A2EB-8480-45EB-BD03-3D9F0FFD9FBB}.Debug|Any CPU.ActiveCfg = Debug|Any CPU
		{F8A6A2EB-8480-45EB-BD03-3D9F0FFD9FBB}.Debug|Any CPU.Build.0 = Debug|Any CPU
		{F8A6A2EB-8480-45EB-BD03-3D9F0FFD9FBB}.Release|Any CPU.ActiveCfg = Release|Any CPU
		{F8A6A2EB-8480-45EB-BD03-3D9F0FFD9FBB}.Release|Any CPU.Build.0 = Release|Any CPU
		{694AC6B0-A474-436F-8AD6-EEF2623C4897}.Debug|Any CPU.ActiveCfg = Debug|Any CPU
		{694AC6B0-A474-436F-8AD6-EEF2623C4897}.Debug|Any CPU.Build.0 = Debug|Any CPU
		{694AC6B0-A474-436F-8AD6-EEF2623C4897}.Release|Any CPU.ActiveCfg = Release|Any CPU
		{694AC6B0-A474-436F-8AD6-EEF2623C4897}.Release|Any CPU.Build.0 = Release|Any CPU
		{136D8DA0-0B1D-4B14-A0E7-1FFF3A903EB5}.Debug|Any CPU.ActiveCfg = Debug|Any CPU
		{136D8DA0-0B1D-4B14-A0E7-1FFF3A903EB5}.Debug|Any CPU.Build.0 = Debug|Any CPU
		{136D8DA0-0B1D-4B14-A0E7-1FFF3A903EB5}.Release|Any CPU.ActiveCfg = Release|Any CPU
		{136D8DA0-0B1D-4B14-A0E7-1FFF3A903EB5}.Release|Any CPU.Build.0 = Release|Any CPU
		{1CCB99DF-54D6-4C1C-A73A-F9296EABB755}.Debug|Any CPU.ActiveCfg = Debug|Any CPU
		{1CCB99DF-54D6-4C1C-A73A-F9296EABB755}.Debug|Any CPU.Build.0 = Debug|Any CPU
		{1CCB99DF-54D6-4C1C-A73A-F9296EABB755}.Release|Any CPU.ActiveCfg = Release|Any CPU
		{1CCB99DF-54D6-4C1C-A73A-F9296EABB755}.Release|Any CPU.Build.0 = Release|Any CPU
		{0C9F298C-0A44-40CC-BD8B-43C3F2C6B156}.Debug|Any CPU.ActiveCfg = Debug|Any CPU
		{0C9F298C-0A44-40CC-BD8B-43C3F2C6B156}.Debug|Any CPU.Build.0 = Debug|Any CPU
		{0C9F298C-0A44-40CC-BD8B-43C3F2C6B156}.Release|Any CPU.ActiveCfg = Release|Any CPU
		{0C9F298C-0A44-40CC-BD8B-43C3F2C6B156}.Release|Any CPU.Build.0 = Release|Any CPU
		{CFFE43CD-3187-4D24-A005-BE0DDF03D247}.Debug|Any CPU.ActiveCfg = Debug|Any CPU
		{CFFE43CD-3187-4D24-A005-BE0DDF03D247}.Debug|Any CPU.Build.0 = Debug|Any CPU
		{CFFE43CD-3187-4D24-A005-BE0DDF03D247}.Release|Any CPU.ActiveCfg = Release|Any CPU
		{CFFE43CD-3187-4D24-A005-BE0DDF03D247}.Release|Any CPU.Build.0 = Release|Any CPU
		{504E7B9C-6FF2-4DAB-B8FE-A6E230A3490C}.Debug|Any CPU.ActiveCfg = Debug|Any CPU
		{504E7B9C-6FF2-4DAB-B8FE-A6E230A3490C}.Debug|Any CPU.Build.0 = Debug|Any CPU
		{504E7B9C-6FF2-4DAB-B8FE-A6E230A3490C}.Release|Any CPU.ActiveCfg = Release|Any CPU
		{504E7B9C-6FF2-4DAB-B8FE-A6E230A3490C}.Release|Any CPU.Build.0 = Release|Any CPU
	EndGlobalSection
	GlobalSection(SolutionProperties) = preSolution
		HideSolutionNode = FALSE
	EndGlobalSection
	GlobalSection(NestedProjects) = preSolution
		{4820DC82-8A8C-4B9A-BC62-CCF875CB59A8} = {B279AECC-D430-412D-AE74-77089977D692}
		{668A14D7-312F-40AB-BCE0-D656E311128C} = {C04CC2AF-C455-4751-BED5-214CB98BDC27}
		{D033BACB-9F07-4FEE-AAE7-0C3327BDBBE9} = {5D3E3501-4ADF-4BA6-AFFB-A41B59C67977}
		{5E0BE95F-290C-4C23-99B9-F8A6D2E77D9A} = {DE56551E-98D8-4775-9982-298F5DD50D31}
		{0DF3AE9F-A656-4965-B4E6-C67B20CE9C5E} = {DE56551E-98D8-4775-9982-298F5DD50D31}
		{8EDF4429-251A-416D-BB68-93F227191BCF} = {DE56551E-98D8-4775-9982-298F5DD50D31}
		{6822DF3D-51A0-40E5-ACD4-70CCCA0CBC6D} = {DE56551E-98D8-4775-9982-298F5DD50D31}
		{4FAAAC83-6140-4FC6-A3A5-EBE2A51F4D56} = {5D3E3501-4ADF-4BA6-AFFB-A41B59C67977}
		{56855DB6-C843-4813-9DDD-ED662E9A4D15} = {5D3E3501-4ADF-4BA6-AFFB-A41B59C67977}
		{E8B8786F-B558-4F2A-9826-B4E03F3322D1} = {CE336A60-4806-4210-BB42-D7DD8A2FE30F}
		{19E001AC-BFED-4A85-937F-F0E16A5EA787} = {8CFCA6D5-DFDC-42FF-93E5-07B7A97D3FBD}
		{93360AB0-D849-43FC-B3FE-B0B7B90BB44C} = {5D3E3501-4ADF-4BA6-AFFB-A41B59C67977}
		{5EA75C11-4DEB-4F60-A6E3-4FA0CE75D016} = {B279AECC-D430-412D-AE74-77089977D692}
		{A2BBDA16-3E52-476E-BDE1-9BEBE4926F10} = {5D3E3501-4ADF-4BA6-AFFB-A41B59C67977}
		{A9B7BE6F-86A5-4924-B5DC-47048C981A25} = {5D3E3501-4ADF-4BA6-AFFB-A41B59C67977}
		{D8204292-00B7-45C3-8A24-C25932241C0A} = {DE56551E-98D8-4775-9982-298F5DD50D31}
		{F8A6A2EB-8480-45EB-BD03-3D9F0FFD9FBB} = {B279AECC-D430-412D-AE74-77089977D692}
		{B279AECC-D430-412D-AE74-77089977D692} = {5D3E3501-4ADF-4BA6-AFFB-A41B59C67977}
		{8CFCA6D5-DFDC-42FF-93E5-07B7A97D3FBD} = {5D3E3501-4ADF-4BA6-AFFB-A41B59C67977}
		{C04CC2AF-C455-4751-BED5-214CB98BDC27} = {5D3E3501-4ADF-4BA6-AFFB-A41B59C67977}
		{694AC6B0-A474-436F-8AD6-EEF2623C4897} = {8CFCA6D5-DFDC-42FF-93E5-07B7A97D3FBD}
		{130B7447-AD13-4B3F-AF70-4210218FDE4B} = {8CFCA6D5-DFDC-42FF-93E5-07B7A97D3FBD}
		{136D8DA0-0B1D-4B14-A0E7-1FFF3A903EB5} = {130B7447-AD13-4B3F-AF70-4210218FDE4B}
		{1CCB99DF-54D6-4C1C-A73A-F9296EABB755} = {DE56551E-98D8-4775-9982-298F5DD50D31}
		{CE336A60-4806-4210-BB42-D7DD8A2FE30F} = {5D3E3501-4ADF-4BA6-AFFB-A41B59C67977}
		{0C9F298C-0A44-40CC-BD8B-43C3F2C6B156} = {CE336A60-4806-4210-BB42-D7DD8A2FE30F}
		{CFFE43CD-3187-4D24-A005-BE0DDF03D247} = {CE336A60-4806-4210-BB42-D7DD8A2FE30F}
		{504E7B9C-6FF2-4DAB-B8FE-A6E230A3490C} = {DE56551E-98D8-4775-9982-298F5DD50D31}
	EndGlobalSection
	GlobalSection(ExtensibilityGlobals) = postSolution
		SolutionGuid = {C81581AA-60CD-4E9E-8010-6017C8361747}
	EndGlobalSection
EndGlobal
